
Microsoft Visual Studio Solution File, Format Version 12.00
# Visual Studio 2012
Project("{FAE04EC0-301F-11D3-BF4B-00C04F79EFBC}") = "AzureStorage", "AzureStorage.csproj", "{EC1EB1B5-DF5C-4D5C-9B97-D69DDE36016A}"
EndProject
Global
	GlobalSection(SolutionConfigurationPlatforms) = preSolution
		Debug|Any CPU = Debug|Any CPU
		Release|Any CPU = Release|Any CPU
	EndGlobalSection
	GlobalSection(ProjectConfigurationPlatforms) = postSolution
		{EC1EB1B5-DF5C-4D5C-9B97-D69DDE36016A}.Debug|Any CPU.ActiveCfg = Debug|Any CPU
		{EC1EB1B5-DF5C-4D5C-9B97-D69DDE36016A}.Debug|Any CPU.Build.0 = Debug|Any CPU
		{EC1EB1B5-DF5C-4D5C-9B97-D69DDE36016A}.Release|Any CPU.ActiveCfg = Release|Any CPU
		{EC1EB1B5-DF5C-4D5C-9B97-D69DDE36016A}.Release|Any CPU.Build.0 = Release|Any CPU
	EndGlobalSection
	GlobalSection(SolutionProperties) = preSolution
		HideSolutionNode = FALSE
	EndGlobalSection
EndGlobal
